
Microsoft Visual Studio Solution File, Format Version 12.00
# Visual Studio Version 17
VisualStudioVersion = 17.14.36408.4 d17.14
MinimumVisualStudioVersion = 10.0.40219.1
Project("{FAE04EC0-301F-11D3-BF4B-00C04F79EFBC}") = "WebMobileStore", "WebMobileStore\WebMobileStore.csproj", "{26BAFC66-AEE2-4D2C-A727-BB7A671BC5D2}"
EndProject
Global
	GlobalSection(SolutionConfigurationPlatforms) = preSolution
		Debug|Any CPU = Debug|Any CPU
		Release|Any CPU = Release|Any CPU
	EndGlobalSection
	GlobalSection(ProjectConfigurationPlatforms) = postSolution
		{26BAFC66-AEE2-4D2C-A727-BB7A671BC5D2}.Debug|Any CPU.ActiveCfg = Debug|Any CPU
		{26BAFC66-AEE2-4D2C-A727-BB7A671BC5D2}.Debug|Any CPU.Build.0 = Debug|Any CPU
		{26BAFC66-AEE2-4D2C-A727-BB7A671BC5D2}.Release|Any CPU.ActiveCfg = Release|Any CPU
		{26BAFC66-AEE2-4D2C-A727-BB7A671BC5D2}.Release|Any CPU.Build.0 = Release|Any CPU
	EndGlobalSection
	GlobalSection(SolutionProperties) = preSolution
		HideSolutionNode = FALSE
	EndGlobalSection
	GlobalSection(ExtensibilityGlobals) = postSolution
		SolutionGuid = {CC347AC3-0E97-43C3-9F07-7E55FD61F0F9}
	EndGlobalSection
EndGlobal
